
Microsoft Visual Studio Solution File, Format Version 12.00
# Visual Studio Version 17
VisualStudioVersion = 17.14.36414.22
MinimumVisualStudioVersion = 10.0.40219.1
Project("{FAE04EC0-301F-11D3-BF4B-00C04F79EFBC}") = "Notifications.Api", "services\Notifications\src\Notifications.Api\Notifications.Api.csproj", "{843B0AEE-D4BE-4A9D-BE4E-3BCD1EB35F65}"
EndProject
Project("{2150E333-8FDC-42A3-9474-1A3956D46DE8}") = "Services", "Services", "{02EA681E-C7D8-13C7-8484-4AC65E1B71E8}"
EndProject
Project("{2150E333-8FDC-42A3-9474-1A3956D46DE8}") = "Notifications", "Notifications", "{16397333-2E09-447D-9D00-965145D9B349}"
EndProject
Project("{FAE04EC0-301F-11D3-BF4B-00C04F79EFBC}") = "Notifications.Domain", "services\Notifications\src\Notifications.Domain\Notifications.Domain.csproj", "{79B6237B-4D62-4D56-B764-9A505DBB24AA}"
EndProject
Project("{FAE04EC0-301F-11D3-BF4B-00C04F79EFBC}") = "Notifications.Infrastructure", "services\Notifications\src\Notifications.Infrastructure\Notifications.Infrastructure.csproj", "{8A644124-27D4-4E10-8672-7853FCBC6693}"
EndProject
Project("{FAE04EC0-301F-11D3-BF4B-00C04F79EFBC}") = "Notifications.Application", "services\Notifications\src\Notifications.Application\Notifications.Application.csproj", "{83C64647-825E-46DE-A96B-A8F2F79E84DC}"
EndProject
Project("{2150E333-8FDC-42A3-9474-1A3956D46DE8}") = "Auth", "Auth", "{7EF142A2-FEC6-4E11-9B91-8765DFAD8FDA}"
EndProject
Project("{2150E333-8FDC-42A3-9474-1A3956D46DE8}") = "Logs", "Logs", "{526503BD-E8B7-4355-9191-4989806764CA}"
EndProject
Project("{FAE04EC0-301F-11D3-BF4B-00C04F79EFBC}") = "Logs.Api", "services\Logs\src\Logs.Api\Logs.Api.csproj", "{1E689249-56F6-49B2-82A5-E729B448A92A}"
EndProject
Project("{FAE04EC0-301F-11D3-BF4B-00C04F79EFBC}") = "Auth.Api", "services\Auth\src\Auth.Api\Auth.Api.csproj", "{5CE08617-A5EE-44A6-B732-E9D668C57205}"
EndProject
Project("{FAE04EC0-301F-11D3-BF4B-00C04F79EFBC}") = "Auth.Application", "services\Auth\src\Auth.Appplication\Auth.Application.csproj", "{FB3D45C0-8D4A-48F6-8D1D-8C25CA93B478}"
EndProject
Project("{FAE04EC0-301F-11D3-BF4B-00C04F79EFBC}") = "Auth.Domain", "services\Auth\src\Auth.Domain\Auth.Domain.csproj", "{10B58A8A-0E30-40B1-85D8-6335549D3A44}"
EndProject
Project("{FAE04EC0-301F-11D3-BF4B-00C04F79EFBC}") = "Auth.Infrastructure", "services\Auth\src\Auth.Infrastructure\Auth.Infrastructure.csproj", "{97AFF780-4BAD-48A9-A324-3C3D93FBF378}"
EndProject
Project("{2150E333-8FDC-42A3-9474-1A3956D46DE8}") = "Workers", "Workers", "{0E9EB263-C309-4EC7-B06B-B11D8A92F48F}"
EndProject
Project("{2150E333-8FDC-42A3-9474-1A3956D46DE8}") = "AiModeration", "AiModeration", "{58E64111-7C55-4A94-B4AA-125889656EA0}"
EndProject
Project("{FAE04EC0-301F-11D3-BF4B-00C04F79EFBC}") = "AiModeration.Domain", "workers\AiModeration\src\AiModeration.Domain\AiModeration.Domain.csproj", "{231F58B6-D050-485D-A698-DB105F5BDFE8}"
EndProject
Project("{FAE04EC0-301F-11D3-BF4B-00C04F79EFBC}") = "AiModeration.Infrastructure", "workers\AiModeration\src\AiModeration.Infrastructure\AiModeration.Infrastructure.csproj", "{B498F0AA-61EB-4EE2-A5FF-20FC826537B5}"
EndProject
Project("{FAE04EC0-301F-11D3-BF4B-00C04F79EFBC}") = "AiModeration.Application", "workers\AiModeration\src\AiModeration.Application\AiModeration.Application.csproj", "{21A6EE37-2CCF-4D16-B3A5-99104234D4DB}"
EndProject
Project("{FAE04EC0-301F-11D3-BF4B-00C04F79EFBC}") = "AiModeration.Worker", "workers\AiModeration\src\AiModeration.Worker\AiModeration.Worker.csproj", "{124323D7-A816-4297-8E97-C82F292DFA60}"
EndProject
Project("{2150E333-8FDC-42A3-9474-1A3956D46DE8}") = "DecisionPolicy", "DecisionPolicy", "{6B9FE681-6F06-47B4-9DEA-34216391DB89}"
EndProject
Project("{FAE04EC0-301F-11D3-BF4B-00C04F79EFBC}") = "DecisionPolicy.Worker", "workers\DecisionPolicy\src\DecisionPolicy.Worker\DecisionPolicy.Worker.csproj", "{B745949D-C9FC-4F78-9AE9-889F0A04872B}"
EndProject
Project("{FAE04EC0-301F-11D3-BF4B-00C04F79EFBC}") = "DecisionPolicy.Infraestructure", "workers\DecisionPolicy\src\DecisionPolicy.Infraestructure\DecisionPolicy.Infraestructure.csproj", "{52806CA5-683C-4DF2-8BF1-7480D511002A}"
EndProject
Project("{FAE04EC0-301F-11D3-BF4B-00C04F79EFBC}") = "DecisionPolicy.Domain", "workers\DecisionPolicy\src\DecisionPolicy.Domain\DecisionPolicy.Domain.csproj", "{E2C6068B-E9BD-4DD0-BFE8-682DC901E12E}"
EndProject
Project("{FAE04EC0-301F-11D3-BF4B-00C04F79EFBC}") = "DecisionPolicy.Application", "workers\DecisionPolicy\src\DecisionPolicy.Application\DecisionPolicy.Application.csproj", "{9A55E9E2-DDD7-4C74-B64F-2A77A2EB331D}"
EndProject
Project("{2150E333-8FDC-42A3-9474-1A3956D46DE8}") = "Emails", "Emails", "{F1D37A1E-3039-4652-848E-44575688D03F}"
EndProject
Project("{FAE04EC0-301F-11D3-BF4B-00C04F79EFBC}") = "Emails.Infrastructure", "workers\Emails\src\Worker.Infrastructure\Emails.Infrastructure.csproj", "{1F05CF47-3B74-4138-87A1-9335323D1917}"
EndProject
Project("{FAE04EC0-301F-11D3-BF4B-00C04F79EFBC}") = "Emails.Application", "workers\Emails\src\Email.Application\Emails.Application.csproj", "{515BBBEF-66D5-48F3-92F0-7EE2BE9BE214}"
EndProject
Project("{FAE04EC0-301F-11D3-BF4B-00C04F79EFBC}") = "Emails.Domain", "workers\Emails\src\Emails.Domain\Emails.Domain.csproj", "{7C3F2B6F-2F18-491B-ACCD-7200E54ECB72}"
EndProject
Project("{2150E333-8FDC-42A3-9474-1A3956D46DE8}") = "Logs", "Logs", "{4073521A-99AE-4A5B-8626-0C0CFC7B5E6D}"
EndProject
Project("{FAE04EC0-301F-11D3-BF4B-00C04F79EFBC}") = "Logs.Worker", "workers\Logs\src\Logs.Worker\Logs.Worker.csproj", "{C8F28163-8767-470B-9EE9-1B42E50A7B61}"
EndProject
Project("{FAE04EC0-301F-11D3-BF4B-00C04F79EFBC}") = "Logs.Application", "workers\Logs\src\Logs.Application\Logs.Application.csproj", "{6A01DC32-529E-4034-A542-AD8273FCF019}"
EndProject
Project("{FAE04EC0-301F-11D3-BF4B-00C04F79EFBC}") = "Logs.Infrastructure", "workers\Logs\src\Logs.Infrastructure\Logs.Infrastructure.csproj", "{D54E49BC-AD97-496F-9AB5-3BDB518CD938}"
EndProject
Project("{FAE04EC0-301F-11D3-BF4B-00C04F79EFBC}") = "Logs.Domain", "workers\Logs\src\Logs.Domain\Logs.Domain.csproj", "{4E729238-6336-4954-A8F1-B380D0FEC351}"
EndProject
Project("{FAE04EC0-301F-11D3-BF4B-00C04F79EFBC}") = "Emails.Worker", "workers\Emails\src\Emails.Worker\Emails.Worker.csproj", "{F02A06DE-46B8-4D0E-89BE-F0C21DD49814}"
EndProject
Global
	GlobalSection(SolutionConfigurationPlatforms) = preSolution
		Debug|Any CPU = Debug|Any CPU
		Release|Any CPU = Release|Any CPU
	EndGlobalSection
	GlobalSection(ProjectConfigurationPlatforms) = postSolution
		{843B0AEE-D4BE-4A9D-BE4E-3BCD1EB35F65}.Debug|Any CPU.ActiveCfg = Debug|Any CPU
		{843B0AEE-D4BE-4A9D-BE4E-3BCD1EB35F65}.Debug|Any CPU.Build.0 = Debug|Any CPU
		{843B0AEE-D4BE-4A9D-BE4E-3BCD1EB35F65}.Release|Any CPU.ActiveCfg = Release|Any CPU
		{843B0AEE-D4BE-4A9D-BE4E-3BCD1EB35F65}.Release|Any CPU.Build.0 = Release|Any CPU
		{79B6237B-4D62-4D56-B764-9A505DBB24AA}.Debug|Any CPU.ActiveCfg = Debug|Any CPU
		{79B6237B-4D62-4D56-B764-9A505DBB24AA}.Debug|Any CPU.Build.0 = Debug|Any CPU
		{79B6237B-4D62-4D56-B764-9A505DBB24AA}.Release|Any CPU.ActiveCfg = Release|Any CPU
		{79B6237B-4D62-4D56-B764-9A505DBB24AA}.Release|Any CPU.Build.0 = Release|Any CPU
		{8A644124-27D4-4E10-8672-7853FCBC6693}.Debug|Any CPU.ActiveCfg = Debug|Any CPU
		{8A644124-27D4-4E10-8672-7853FCBC6693}.Debug|Any CPU.Build.0 = Debug|Any CPU
		{8A644124-27D4-4E10-8672-7853FCBC6693}.Release|Any CPU.ActiveCfg = Release|Any CPU
		{8A644124-27D4-4E10-8672-7853FCBC6693}.Release|Any CPU.Build.0 = Release|Any CPU
		{83C64647-825E-46DE-A96B-A8F2F79E84DC}.Debug|Any CPU.ActiveCfg = Debug|Any CPU
		{83C64647-825E-46DE-A96B-A8F2F79E84DC}.Debug|Any CPU.Build.0 = Debug|Any CPU
		{83C64647-825E-46DE-A96B-A8F2F79E84DC}.Release|Any CPU.ActiveCfg = Release|Any CPU
		{83C64647-825E-46DE-A96B-A8F2F79E84DC}.Release|Any CPU.Build.0 = Release|Any CPU
		{1E689249-56F6-49B2-82A5-E729B448A92A}.Debug|Any CPU.ActiveCfg = Debug|Any CPU
		{1E689249-56F6-49B2-82A5-E729B448A92A}.Debug|Any CPU.Build.0 = Debug|Any CPU
		{1E689249-56F6-49B2-82A5-E729B448A92A}.Release|Any CPU.ActiveCfg = Release|Any CPU
		{1E689249-56F6-49B2-82A5-E729B448A92A}.Release|Any CPU.Build.0 = Release|Any CPU
		{5CE08617-A5EE-44A6-B732-E9D668C57205}.Debug|Any CPU.ActiveCfg = Debug|Any CPU
		{5CE08617-A5EE-44A6-B732-E9D668C57205}.Debug|Any CPU.Build.0 = Debug|Any CPU
		{5CE08617-A5EE-44A6-B732-E9D668C57205}.Release|Any CPU.ActiveCfg = Release|Any CPU
		{5CE08617-A5EE-44A6-B732-E9D668C57205}.Release|Any CPU.Build.0 = Release|Any CPU
		{FB3D45C0-8D4A-48F6-8D1D-8C25CA93B478}.Debug|Any CPU.ActiveCfg = Debug|Any CPU
		{FB3D45C0-8D4A-48F6-8D1D-8C25CA93B478}.Debug|Any CPU.Build.0 = Debug|Any CPU
		{FB3D45C0-8D4A-48F6-8D1D-8C25CA93B478}.Release|Any CPU.ActiveCfg = Release|Any CPU
		{FB3D45C0-8D4A-48F6-8D1D-8C25CA93B478}.Release|Any CPU.Build.0 = Release|Any CPU
		{10B58A8A-0E30-40B1-85D8-6335549D3A44}.Debug|Any CPU.ActiveCfg = Debug|Any CPU
		{10B58A8A-0E30-40B1-85D8-6335549D3A44}.Debug|Any CPU.Build.0 = Debug|Any CPU
		{10B58A8A-0E30-40B1-85D8-6335549D3A44}.Release|Any CPU.ActiveCfg = Release|Any CPU
		{10B58A8A-0E30-40B1-85D8-6335549D3A44}.Release|Any CPU.Build.0 = Release|Any CPU
		{97AFF780-4BAD-48A9-A324-3C3D93FBF378}.Debug|Any CPU.ActiveCfg = Debug|Any CPU
		{97AFF780-4BAD-48A9-A324-3C3D93FBF378}.Debug|Any CPU.Build.0 = Debug|Any CPU
		{97AFF780-4BAD-48A9-A324-3C3D93FBF378}.Release|Any CPU.ActiveCfg = Release|Any CPU
		{97AFF780-4BAD-48A9-A324-3C3D93FBF378}.Release|Any CPU.Build.0 = Release|Any CPU
		{231F58B6-D050-485D-A698-DB105F5BDFE8}.Debug|Any CPU.ActiveCfg = Debug|Any CPU
		{231F58B6-D050-485D-A698-DB105F5BDFE8}.Debug|Any CPU.Build.0 = Debug|Any CPU
		{231F58B6-D050-485D-A698-DB105F5BDFE8}.Release|Any CPU.ActiveCfg = Release|Any CPU
		{231F58B6-D050-485D-A698-DB105F5BDFE8}.Release|Any CPU.Build.0 = Release|Any CPU
		{B498F0AA-61EB-4EE2-A5FF-20FC826537B5}.Debug|Any CPU.ActiveCfg = Debug|Any CPU
		{B498F0AA-61EB-4EE2-A5FF-20FC826537B5}.Debug|Any CPU.Build.0 = Debug|Any CPU
		{B498F0AA-61EB-4EE2-A5FF-20FC826537B5}.Release|Any CPU.ActiveCfg = Release|Any CPU
		{B498F0AA-61EB-4EE2-A5FF-20FC826537B5}.Release|Any CPU.Build.0 = Release|Any CPU
		{21A6EE37-2CCF-4D16-B3A5-99104234D4DB}.Debug|Any CPU.ActiveCfg = Debug|Any CPU
		{21A6EE37-2CCF-4D16-B3A5-99104234D4DB}.Debug|Any CPU.Build.0 = Debug|Any CPU
		{21A6EE37-2CCF-4D16-B3A5-99104234D4DB}.Release|Any CPU.ActiveCfg = Release|Any CPU
		{21A6EE37-2CCF-4D16-B3A5-99104234D4DB}.Release|Any CPU.Build.0 = Release|Any CPU
		{124323D7-A816-4297-8E97-C82F292DFA60}.Debug|Any CPU.ActiveCfg = Debug|Any CPU
		{124323D7-A816-4297-8E97-C82F292DFA60}.Debug|Any CPU.Build.0 = Debug|Any CPU
		{124323D7-A816-4297-8E97-C82F292DFA60}.Release|Any CPU.ActiveCfg = Release|Any CPU
		{124323D7-A816-4297-8E97-C82F292DFA60}.Release|Any CPU.Build.0 = Release|Any CPU
		{B745949D-C9FC-4F78-9AE9-889F0A04872B}.Debug|Any CPU.ActiveCfg = Debug|Any CPU
		{B745949D-C9FC-4F78-9AE9-889F0A04872B}.Debug|Any CPU.Build.0 = Debug|Any CPU
		{B745949D-C9FC-4F78-9AE9-889F0A04872B}.Release|Any CPU.ActiveCfg = Release|Any CPU
		{B745949D-C9FC-4F78-9AE9-889F0A04872B}.Release|Any CPU.Build.0 = Release|Any CPU
		{52806CA5-683C-4DF2-8BF1-7480D511002A}.Debug|Any CPU.ActiveCfg = Debug|Any CPU
		{52806CA5-683C-4DF2-8BF1-7480D511002A}.Debug|Any CPU.Build.0 = Debug|Any CPU
		{52806CA5-683C-4DF2-8BF1-7480D511002A}.Release|Any CPU.ActiveCfg = Release|Any CPU
		{52806CA5-683C-4DF2-8BF1-7480D511002A}.Release|Any CPU.Build.0 = Release|Any CPU
		{E2C6068B-E9BD-4DD0-BFE8-682DC901E12E}.Debug|Any CPU.ActiveCfg = Debug|Any CPU
		{E2C6068B-E9BD-4DD0-BFE8-682DC901E12E}.Debug|Any CPU.Build.0 = Debug|Any CPU
		{E2C6068B-E9BD-4DD0-BFE8-682DC901E12E}.Release|Any CPU.ActiveCfg = Release|Any CPU
		{E2C6068B-E9BD-4DD0-BFE8-682DC901E12E}.Release|Any CPU.Build.0 = Release|Any CPU
		{9A55E9E2-DDD7-4C74-B64F-2A77A2EB331D}.Debug|Any CPU.ActiveCfg = Debug|Any CPU
		{9A55E9E2-DDD7-4C74-B64F-2A77A2EB331D}.Debug|Any CPU.Build.0 = Debug|Any CPU
		{9A55E9E2-DDD7-4C74-B64F-2A77A2EB331D}.Release|Any CPU.ActiveCfg = Release|Any CPU
		{9A55E9E2-DDD7-4C74-B64F-2A77A2EB331D}.Release|Any CPU.Build.0 = Release|Any CPU
		{1F05CF47-3B74-4138-87A1-9335323D1917}.Debug|Any CPU.ActiveCfg = Debug|Any CPU
		{1F05CF47-3B74-4138-87A1-9335323D1917}.Debug|Any CPU.Build.0 = Debug|Any CPU
		{1F05CF47-3B74-4138-87A1-9335323D1917}.Release|Any CPU.ActiveCfg = Release|Any CPU
		{1F05CF47-3B74-4138-87A1-9335323D1917}.Release|Any CPU.Build.0 = Release|Any CPU
		{515BBBEF-66D5-48F3-92F0-7EE2BE9BE214}.Debug|Any CPU.ActiveCfg = Debug|Any CPU
		{515BBBEF-66D5-48F3-92F0-7EE2BE9BE214}.Debug|Any CPU.Build.0 = Debug|Any CPU
		{515BBBEF-66D5-48F3-92F0-7EE2BE9BE214}.Release|Any CPU.ActiveCfg = Release|Any CPU
		{515BBBEF-66D5-48F3-92F0-7EE2BE9BE214}.Release|Any CPU.Build.0 = Release|Any CPU
		{7C3F2B6F-2F18-491B-ACCD-7200E54ECB72}.Debug|Any CPU.ActiveCfg = Debug|Any CPU
		{7C3F2B6F-2F18-491B-ACCD-7200E54ECB72}.Debug|Any CPU.Build.0 = Debug|Any CPU
		{7C3F2B6F-2F18-491B-ACCD-7200E54ECB72}.Release|Any CPU.ActiveCfg = Release|Any CPU
		{7C3F2B6F-2F18-491B-ACCD-7200E54ECB72}.Release|Any CPU.Build.0 = Release|Any CPU
		{C8F28163-8767-470B-9EE9-1B42E50A7B61}.Debug|Any CPU.ActiveCfg = Debug|Any CPU
		{C8F28163-8767-470B-9EE9-1B42E50A7B61}.Debug|Any CPU.Build.0 = Debug|Any CPU
		{C8F28163-8767-470B-9EE9-1B42E50A7B61}.Release|Any CPU.ActiveCfg = Release|Any CPU
		{C8F28163-8767-470B-9EE9-1B42E50A7B61}.Release|Any CPU.Build.0 = Release|Any CPU
		{6A01DC32-529E-4034-A542-AD8273FCF019}.Debug|Any CPU.ActiveCfg = Debug|Any CPU
		{6A01DC32-529E-4034-A542-AD8273FCF019}.Debug|Any CPU.Build.0 = Debug|Any CPU
		{6A01DC32-529E-4034-A542-AD8273FCF019}.Release|Any CPU.ActiveCfg = Release|Any CPU
		{6A01DC32-529E-4034-A542-AD8273FCF019}.Release|Any CPU.Build.0 = Release|Any CPU
		{D54E49BC-AD97-496F-9AB5-3BDB518CD938}.Debug|Any CPU.ActiveCfg = Debug|Any CPU
		{D54E49BC-AD97-496F-9AB5-3BDB518CD938}.Debug|Any CPU.Build.0 = Debug|Any CPU
		{D54E49BC-AD97-496F-9AB5-3BDB518CD938}.Release|Any CPU.ActiveCfg = Release|Any CPU
		{D54E49BC-AD97-496F-9AB5-3BDB518CD938}.Release|Any CPU.Build.0 = Release|Any CPU
		{4E729238-6336-4954-A8F1-B380D0FEC351}.Debug|Any CPU.ActiveCfg = Debug|Any CPU
		{4E729238-6336-4954-A8F1-B380D0FEC351}.Debug|Any CPU.Build.0 = Debug|Any CPU
		{4E729238-6336-4954-A8F1-B380D0FEC351}.Release|Any CPU.ActiveCfg = Release|Any CPU
		{4E729238-6336-4954-A8F1-B380D0FEC351}.Release|Any CPU.Build.0 = Release|Any CPU
		{F02A06DE-46B8-4D0E-89BE-F0C21DD49814}.Debug|Any CPU.ActiveCfg = Debug|Any CPU
		{F02A06DE-46B8-4D0E-89BE-F0C21DD49814}.Debug|Any CPU.Build.0 = Debug|Any CPU
		{F02A06DE-46B8-4D0E-89BE-F0C21DD49814}.Release|Any CPU.ActiveCfg = Release|Any CPU
		{F02A06DE-46B8-4D0E-89BE-F0C21DD49814}.Release|Any CPU.Build.0 = Release|Any CPU
	EndGlobalSection
	GlobalSection(SolutionProperties) = preSolution
		HideSolutionNode = FALSE
	EndGlobalSection
	GlobalSection(NestedProjects) = preSolution
		{843B0AEE-D4BE-4A9D-BE4E-3BCD1EB35F65} = {16397333-2E09-447D-9D00-965145D9B349}
		{16397333-2E09-447D-9D00-965145D9B349} = {02EA681E-C7D8-13C7-8484-4AC65E1B71E8}
		{79B6237B-4D62-4D56-B764-9A505DBB24AA} = {16397333-2E09-447D-9D00-965145D9B349}
		{8A644124-27D4-4E10-8672-7853FCBC6693} = {16397333-2E09-447D-9D00-965145D9B349}
		{83C64647-825E-46DE-A96B-A8F2F79E84DC} = {16397333-2E09-447D-9D00-965145D9B349}
		{7EF142A2-FEC6-4E11-9B91-8765DFAD8FDA} = {02EA681E-C7D8-13C7-8484-4AC65E1B71E8}
		{526503BD-E8B7-4355-9191-4989806764CA} = {02EA681E-C7D8-13C7-8484-4AC65E1B71E8}
		{1E689249-56F6-49B2-82A5-E729B448A92A} = {526503BD-E8B7-4355-9191-4989806764CA}
		{5CE08617-A5EE-44A6-B732-E9D668C57205} = {7EF142A2-FEC6-4E11-9B91-8765DFAD8FDA}
		{FB3D45C0-8D4A-48F6-8D1D-8C25CA93B478} = {7EF142A2-FEC6-4E11-9B91-8765DFAD8FDA}
		{10B58A8A-0E30-40B1-85D8-6335549D3A44} = {7EF142A2-FEC6-4E11-9B91-8765DFAD8FDA}
		{97AFF780-4BAD-48A9-A324-3C3D93FBF378} = {7EF142A2-FEC6-4E11-9B91-8765DFAD8FDA}
		{58E64111-7C55-4A94-B4AA-125889656EA0} = {0E9EB263-C309-4EC7-B06B-B11D8A92F48F}
		{231F58B6-D050-485D-A698-DB105F5BDFE8} = {58E64111-7C55-4A94-B4AA-125889656EA0}
		{B498F0AA-61EB-4EE2-A5FF-20FC826537B5} = {58E64111-7C55-4A94-B4AA-125889656EA0}
		{21A6EE37-2CCF-4D16-B3A5-99104234D4DB} = {58E64111-7C55-4A94-B4AA-125889656EA0}
		{124323D7-A816-4297-8E97-C82F292DFA60} = {58E64111-7C55-4A94-B4AA-125889656EA0}
		{6B9FE681-6F06-47B4-9DEA-34216391DB89} = {0E9EB263-C309-4EC7-B06B-B11D8A92F48F}
		{B745949D-C9FC-4F78-9AE9-889F0A04872B} = {6B9FE681-6F06-47B4-9DEA-34216391DB89}
		{52806CA5-683C-4DF2-8BF1-7480D511002A} = {6B9FE681-6F06-47B4-9DEA-34216391DB89}
		{E2C6068B-E9BD-4DD0-BFE8-682DC901E12E} = {6B9FE681-6F06-47B4-9DEA-34216391DB89}
		{9A55E9E2-DDD7-4C74-B64F-2A77A2EB331D} = {6B9FE681-6F06-47B4-9DEA-34216391DB89}
		{F1D37A1E-3039-4652-848E-44575688D03F} = {0E9EB263-C309-4EC7-B06B-B11D8A92F48F}
		{1F05CF47-3B74-4138-87A1-9335323D1917} = {F1D37A1E-3039-4652-848E-44575688D03F}
		{515BBBEF-66D5-48F3-92F0-7EE2BE9BE214} = {F1D37A1E-3039-4652-848E-44575688D03F}
		{7C3F2B6F-2F18-491B-ACCD-7200E54ECB72} = {F1D37A1E-3039-4652-848E-44575688D03F}
		{4073521A-99AE-4A5B-8626-0C0CFC7B5E6D} = {0E9EB263-C309-4EC7-B06B-B11D8A92F48F}
		{C8F28163-8767-470B-9EE9-1B42E50A7B61} = {4073521A-99AE-4A5B-8626-0C0CFC7B5E6D}
		{6A01DC32-529E-4034-A542-AD8273FCF019} = {4073521A-99AE-4A5B-8626-0C0CFC7B5E6D}
		{D54E49BC-AD97-496F-9AB5-3BDB518CD938} = {4073521A-99AE-4A5B-8626-0C0CFC7B5E6D}
		{4E729238-6336-4954-A8F1-B380D0FEC351} = {4073521A-99AE-4A5B-8626-0C0CFC7B5E6D}
		{F02A06DE-46B8-4D0E-89BE-F0C21DD49814} = {F1D37A1E-3039-4652-848E-44575688D03F}
	EndGlobalSection
	GlobalSection(ExtensibilityGlobals) = postSolution
		SolutionGuid = {B8D50EC1-3BBC-43DE-92D6-DE5B372CAF93}
	EndGlobalSection
EndGlobal
